<?xml version="1.0" encoding="utf-8"?>
<Project ToolsVersion="4.0" xmlns="http://schemas.microsoft.com/developer/msbuild/2003">
  <ItemGroup>
    <Filter Include="Pliki źródłowe">
      <UniqueIdentifier>{4FC737F1-C7A5-4376-A066-2A32D752A2FF}</UniqueIdentifier>
      <Extensions>cpp;c;cc;cxx;def;odl;idl;hpj;bat;asm;asmx</Extensions>
    </Filter>
    <Filter Include="Pliki nagłówkowe">
      <UniqueIdentifier>{93995380-89BD-4b04-88EB-625FBE52EBFB}</UniqueIdentifier>
      <Extensions>h;hh;hpp;hxx;hm;inl;inc;xsd</Extensions>
    </Filter>
    <Filter Include="Pliki zasobów">
      <UniqueIdentifier>{67DA6AB6-F800-4c08-8B7A-83BB121AAD01}</UniqueIdentifier>
      <Extensions>rc;ico;cur;bmp;dlg;rc2;rct;bin;rgs;gif;jpg;jpeg;jpe;resx;tiff;tif;png;wav;mfcribbon-ms</Extensions>
    </Filter>
    <Filter Include="Pliki źródłowe\Chapter 8 Assignments">
      <UniqueIdentifier>{6b9a3ebe-83b8-412f-95d5-8aa5d992144c}</UniqueIdentifier>
    </Filter>
    <Filter Include="Pliki źródłowe\Chapter 7 Assignments">
      <UniqueIdentifier>{6dbfe083-c207-4d1a-8b55-7d16ce3d2bb5}</UniqueIdentifier>
    </Filter>
    <Filter Include="Pliki źródłowe\Chapter 9 Assignments">
      <UniqueIdentifier>{bad2c03f-abe4-46a1-906a-8233cba2d327}</UniqueIdentifier>
    </Filter>
    <Filter Include="Pliki źródłowe\Chapter 10 Assignments">
      <UniqueIdentifier>{14a7fddf-c318-45cd-acc1-2d7811ac20a7}</UniqueIdentifier>
    </Filter>
    <Filter Include="Pliki źródłowe\Chapter 11 Assignments">
      <UniqueIdentifier>{e406c463-d67b-430e-b39d-cccd8364665b}</UniqueIdentifier>
    </Filter>
    <Filter Include="Pliki źródłowe\Chapter 12 Assignments">
      <UniqueIdentifier>{11874db3-99f5-4df1-97ee-07bc26d35326}</UniqueIdentifier>
    </Filter>
  </ItemGroup>
  <ItemGroup>
    <Text Include="ReadMe.txt" />
  </ItemGroup>
  <ItemGroup>
    <ClInclude Include="stdafx.h">
      <Filter>Pliki nagłówkowe</Filter>
    </ClInclude>
    <ClInclude Include="targetver.h">
      <Filter>Pliki nagłówkowe</Filter>
    </ClInclude>
    <ClInclude Include="simplemenu.h">
      <Filter>Pliki nagłówkowe</Filter>
    </ClInclude>
    <ClInclude Include="chapters.h">
      <Filter>Pliki nagłówkowe</Filter>
    </ClInclude>
    <ClInclude Include="Chapter_7\Chapter_7_Functions.h">
      <Filter>Pliki nagłówkowe</Filter>
    </ClInclude>
    <ClInclude Include="Chapter_8\Chapter_8_Functions.h">
      <Filter>Pliki nagłówkowe</Filter>
    </ClInclude>
    <ClInclude Include="Chapter_9\Chapter_9_Functions.h">
      <Filter>Pliki nagłówkowe</Filter>
    </ClInclude>
    <ClInclude Include="Chapter_9\golf.h">
      <Filter>Pliki nagłówkowe</Filter>
    </ClInclude>
    <ClInclude Include="Chapter_9\Sales.h">
      <Filter>Pliki nagłówkowe</Filter>
    </ClInclude>
    <ClInclude Include="Chapter_10\Chapter_10_Functions.h">
      <Filter>Pliki nagłówkowe</Filter>
    </ClInclude>
    <ClInclude Include="Chapter_11\Chapter_11_Functions.h">
      <Filter>Pliki nagłówkowe</Filter>
    </ClInclude>
    <ClInclude Include="Chapter_12\Chapter_12_Functions.h">
      <Filter>Pliki nagłówkowe</Filter>
    </ClInclude>
    <ClInclude Include="Chapter_10\Account.h">
      <Filter>Pliki nagłówkowe</Filter>
    </ClInclude>
    <ClInclude Include="Chapter_10\Person.h">
      <Filter>Pliki nagłówkowe</Filter>
    </ClInclude>
    <ClInclude Include="Chapter_10\Move.h">
      <Filter>Pliki nagłówkowe</Filter>
    </ClInclude>
    <ClInclude Include="Chapter_10\Plorg.h">
      <Filter>Pliki źródłowe\Chapter 10 Assignments</Filter>
    </ClInclude>
    <ClInclude Include="Chapter_10\Stack.h">
      <Filter>Pliki nagłówkowe</Filter>
    </ClInclude>
    <ClInclude Include="Chapter_10\List.h">
      <Filter>Pliki nagłówkowe</Filter>
    </ClInclude>
    <ClInclude Include="Chapter_11\Chapter_11_Assignment1\vect.h">
      <Filter>Pliki nagłówkowe</Filter>
    </ClInclude>
    <ClInclude Include="Chapter_11\Chapter_11_Assignment4\mytime3.h">
      <Filter>Pliki nagłówkowe</Filter>
    </ClInclude>
    <ClInclude Include="Chapter_11\Chapter_11_Assignment5\stonewt.h">
      <Filter>Pliki nagłówkowe</Filter>
    </ClInclude>
    <ClInclude Include="Chapter_11\Chapter_11_Assignment2\vect_2.h">
      <Filter>Pliki nagłówkowe</Filter>
    </ClInclude>
    <ClInclude Include="Chapter_11\Chapter_11_Assignment3\vect_3.h">
      <Filter>Pliki nagłówkowe</Filter>
    </ClInclude>
    <ClInclude Include="Chapter_11\Chapter_11_Assignment6\stonewt_2.h">
      <Filter>Pliki nagłówkowe</Filter>
    </ClInclude>
    <ClInclude Include="random.h">
      <Filter>Pliki nagłówkowe</Filter>
    </ClInclude>
    <ClInclude Include="Chapter_11\Chapter_11_Assignment7\complex0.h">
      <Filter>Pliki nagłówkowe</Filter>
    </ClInclude>
    <ClInclude Include="Chapter_12\Chapter_12_Assignment1\Cow.h">
      <Filter>Pliki nagłówkowe</Filter>
    </ClInclude>
    <ClInclude Include="Chapter_12\Chapter_12_Assignment2\string2.h">
      <Filter>Pliki nagłówkowe</Filter>
    </ClInclude>
    <ClInclude Include="Chapter_12\Chapter_12_Assignment3\stock20.h">
      <Filter>Pliki nagłówkowe</Filter>
    </ClInclude>
    <ClInclude Include="Chapter_12\Chapter_12_Assignment5\queue.h">
      <Filter>Pliki nagłówkowe</Filter>
    </ClInclude>
    <ClInclude Include="Chapter_12\Chapter_12_Assignment6\Ch12_A6_queue.h">
      <Filter>Pliki nagłówkowe</Filter>
    </ClInclude>
    <ClInclude Include="Chapter_12\Chapter_12_Assignment4\C12_A4_Stack.h">
      <Filter>Pliki nagłówkowe</Filter>
    </ClInclude>
  </ItemGroup>
  <ItemGroup>
    <ClCompile Include="stdafx.cpp">
      <Filter>Pliki źródłowe</Filter>
    </ClCompile>
    <ClCompile Include="C++ Primer Plus VI.cpp">
      <Filter>Pliki źródłowe</Filter>
    </ClCompile>
    <ClCompile Include="Chapter_2\Chapter_2.cpp">
      <Filter>Pliki źródłowe</Filter>
    </ClCompile>
    <ClCompile Include="Chapter_3\Chapter_3.cpp">
      <Filter>Pliki źródłowe</Filter>
    </ClCompile>
    <ClCompile Include="Chapter_4\Chapter_4.cpp">
      <Filter>Pliki źródłowe</Filter>
    </ClCompile>
    <ClCompile Include="Chapter_5\Chapter_5.cpp">
      <Filter>Pliki źródłowe</Filter>
    </ClCompile>
    <ClCompile Include="Chapter_6\Chapter_6.cpp">
      <Filter>Pliki źródłowe</Filter>
    </ClCompile>
    <ClCompile Include="Chapter_7\Chapter_7.cpp">
      <Filter>Pliki źródłowe</Filter>
    </ClCompile>
    <ClCompile Include="Chapter_8\Chapter_8.cpp">
      <Filter>Pliki źródłowe</Filter>
    </ClCompile>
    <ClCompile Include="Chapter_9\Chapter_9.cpp">
      <Filter>Pliki źródłowe</Filter>
    </ClCompile>
    <ClCompile Include="Chapter_7\Chapter_7_Assignment10.cpp">
      <Filter>Pliki źródłowe\Chapter 7 Assignments</Filter>
    </ClCompile>
    <ClCompile Include="Chapter_7\Chapter_7_Assignment9.cpp">
      <Filter>Pliki źródłowe\Chapter 7 Assignments</Filter>
    </ClCompile>
    <ClCompile Include="Chapter_7\Chapter_7_Assignment8.cpp">
      <Filter>Pliki źródłowe\Chapter 7 Assignments</Filter>
    </ClCompile>
    <ClCompile Include="Chapter_7\Chapter_7_Assignment7.cpp">
      <Filter>Pliki źródłowe\Chapter 7 Assignments</Filter>
    </ClCompile>
    <ClCompile Include="Chapter_7\Chapter_7_Assignment6.cpp">
      <Filter>Pliki źródłowe\Chapter 7 Assignments</Filter>
    </ClCompile>
    <ClCompile Include="Chapter_7\Chapter_7_Assignment5.cpp">
      <Filter>Pliki źródłowe\Chapter 7 Assignments</Filter>
    </ClCompile>
    <ClCompile Include="Chapter_7\Chapter_7_Assignment4.cpp">
      <Filter>Pliki źródłowe\Chapter 7 Assignments</Filter>
    </ClCompile>
    <ClCompile Include="Chapter_7\Chapter_7_Assignment3.cpp">
      <Filter>Pliki źródłowe\Chapter 7 Assignments</Filter>
    </ClCompile>
    <ClCompile Include="Chapter_7\Chapter_7_Assignment2.cpp">
      <Filter>Pliki źródłowe\Chapter 7 Assignments</Filter>
    </ClCompile>
    <ClCompile Include="Chapter_8\Chapter_8_Assignment7.cpp">
      <Filter>Pliki źródłowe\Chapter 8 Assignments</Filter>
    </ClCompile>
    <ClCompile Include="Chapter_8\Chapter_8_Assignment6.cpp">
      <Filter>Pliki źródłowe\Chapter 8 Assignments</Filter>
    </ClCompile>
    <ClCompile Include="Chapter_8\Chapter_8_Assignment5.cpp">
      <Filter>Pliki źródłowe\Chapter 8 Assignments</Filter>
    </ClCompile>
    <ClCompile Include="Chapter_8\Chapter_8_Assignment4.cpp">
      <Filter>Pliki źródłowe\Chapter 8 Assignments</Filter>
    </ClCompile>
    <ClCompile Include="Chapter_8\Chapter_8_Assignment3.cpp">
      <Filter>Pliki źródłowe\Chapter 8 Assignments</Filter>
    </ClCompile>
    <ClCompile Include="Chapter_8\Chapter_8_Assignment2.cpp">
      <Filter>Pliki źródłowe\Chapter 8 Assignments</Filter>
    </ClCompile>
    <ClCompile Include="Chapter_8\Chapter_8_Assignment1.cpp">
      <Filter>Pliki źródłowe\Chapter 8 Assignments</Filter>
    </ClCompile>
    <ClCompile Include="Chapter_9\Chapter_9_Assignment4.cpp">
      <Filter>Pliki źródłowe\Chapter 9 Assignments</Filter>
    </ClCompile>
    <ClCompile Include="Chapter_9\Chapter_9_Assignment3.cpp">
      <Filter>Pliki źródłowe\Chapter 9 Assignments</Filter>
    </ClCompile>
    <ClCompile Include="Chapter_9\Chapter_9_Assignment2.cpp">
      <Filter>Pliki źródłowe\Chapter 9 Assignments</Filter>
    </ClCompile>
    <ClCompile Include="Chapter_9\Chapter_9_Assignment1.cpp">
      <Filter>Pliki źródłowe\Chapter 9 Assignments</Filter>
    </ClCompile>
    <ClCompile Include="Chapter_7\Chapter_7_Assignment1.cpp">
      <Filter>Pliki źródłowe\Chapter 7 Assignments</Filter>
    </ClCompile>
    <ClCompile Include="Chapter_9\golf.cpp">
      <Filter>Pliki źródłowe\Chapter 9 Assignments</Filter>
    </ClCompile>
    <ClCompile Include="Chapter_9\Sales.cpp">
      <Filter>Pliki źródłowe\Chapter 9 Assignments</Filter>
    </ClCompile>
    <ClCompile Include="Chapter_10\Chapter_10.cpp">
      <Filter>Pliki źródłowe</Filter>
    </ClCompile>
    <ClCompile Include="Chapter_10\Chapter_10_Assignment1.cpp">
      <Filter>Pliki źródłowe\Chapter 10 Assignments</Filter>
    </ClCompile>
    <ClCompile Include="Chapter_10\Chapter_10_Assignment8.cpp">
      <Filter>Pliki źródłowe\Chapter 10 Assignments</Filter>
    </ClCompile>
    <ClCompile Include="Chapter_10\Chapter_10_Assignment7.cpp">
      <Filter>Pliki źródłowe\Chapter 10 Assignments</Filter>
    </ClCompile>
    <ClCompile Include="Chapter_10\Chapter_10_Assignment6.cpp">
      <Filter>Pliki źródłowe\Chapter 10 Assignments</Filter>
    </ClCompile>
    <ClCompile Include="Chapter_10\Chapter_10_Assignment5.cpp">
      <Filter>Pliki źródłowe\Chapter 10 Assignments</Filter>
    </ClCompile>
    <ClCompile Include="Chapter_10\Chapter_10_Assignment4.cpp">
      <Filter>Pliki źródłowe\Chapter 10 Assignments</Filter>
    </ClCompile>
    <ClCompile Include="Chapter_10\Chapter_10_Assignment3.cpp">
      <Filter>Pliki źródłowe\Chapter 10 Assignments</Filter>
    </ClCompile>
    <ClCompile Include="Chapter_10\Chapter_10_Assignment2.cpp">
      <Filter>Pliki źródłowe\Chapter 10 Assignments</Filter>
    </ClCompile>
    <ClCompile Include="Chapter_11\Chapter_11.cpp">
      <Filter>Pliki źródłowe</Filter>
    </ClCompile>
    <ClCompile Include="Chapter_12\Chapter_12.cpp">
      <Filter>Pliki źródłowe</Filter>
    </ClCompile>
    <ClCompile Include="Chapter_10\Account.cpp">
      <Filter>Pliki źródłowe\Chapter 10 Assignments</Filter>
    </ClCompile>
    <ClCompile Include="cls.cpp">
      <Filter>Pliki źródłowe</Filter>
    </ClCompile>
    <ClCompile Include="Chapter_10\Person.cpp">
      <Filter>Pliki źródłowe\Chapter 10 Assignments</Filter>
    </ClCompile>
    <ClCompile Include="Chapter_10\Move.cpp">
      <Filter>Pliki źródłowe\Chapter 10 Assignments</Filter>
    </ClCompile>
    <ClCompile Include="Chapter_10\Plorg.cpp">
      <Filter>Pliki źródłowe\Chapter 10 Assignments</Filter>
    </ClCompile>
    <ClCompile Include="Chapter_10\Golf_class.cpp">
      <Filter>Pliki źródłowe\Chapter 10 Assignments</Filter>
    </ClCompile>
    <ClCompile Include="Chapter_10\Stack.cpp">
      <Filter>Pliki źródłowe</Filter>
    </ClCompile>
    <ClCompile Include="Chapter_10\List.cpp">
      <Filter>Pliki źródłowe</Filter>
    </ClCompile>
    <ClCompile Include="Chapter_11\Chapter_11_Assignment1\vect.cpp">
      <Filter>Pliki źródłowe</Filter>
    </ClCompile>
    <ClCompile Include="Chapter_11\Chapter_11_Assignment3\randwalk.cpp">
      <Filter>Pliki źródłowe</Filter>
    </ClCompile>
    <ClCompile Include="Chapter_11\Chapter_11_Assignment4\mytime3.cpp">
      <Filter>Pliki źródłowe</Filter>
    </ClCompile>
    <ClCompile Include="Chapter_11\Chapter_11_Assignment5\stonewt.cpp">
      <Filter>Pliki źródłowe</Filter>
    </ClCompile>
    <ClCompile Include="Chapter_11\Chapter_11_Assignment2\vect_2.cpp">
      <Filter>Pliki źródłowe</Filter>
    </ClCompile>
    <ClCompile Include="Chapter_11\Chapter_11_Assignment3\vect_3.cpp">
      <Filter>Pliki źródłowe</Filter>
    </ClCompile>
    <ClCompile Include="Chapter_11\Chapter_11_Assignment6\stonewt_2.cpp">
      <Filter>Pliki źródłowe</Filter>
    </ClCompile>
    <ClCompile Include="Chapter_11\Chapter_11_Assignment7\complex0.cpp">
      <Filter>Pliki źródłowe</Filter>
    </ClCompile>
    <ClCompile Include="Chapter_12\Chapter_12_Assignment1\Cow.cpp">
      <Filter>Pliki źródłowe</Filter>
    </ClCompile>
    <ClCompile Include="Chapter_12\Chapter_12_Assignment2\string2.cpp">
      <Filter>Pliki źródłowe</Filter>
    </ClCompile>
    <ClCompile Include="Chapter_12\Chapter_12_Assignment3\stock20.cpp">
      <Filter>Pliki źródłowe</Filter>
    </ClCompile>
    <ClCompile Include="Chapter_12\Chapter_12_Assignment5\queue.cpp">
      <Filter>Pliki źródłowe</Filter>
    </ClCompile>
    <ClCompile Include="Chapter_12\Chapter_12_Assignment6\Ch12_A6_queue.cpp">
      <Filter>Pliki źródłowe</Filter>
    </ClCompile>
    <ClCompile Include="Chapter_12\Chapter_12_Assignment6\Chapter_12_Assignment6.cpp">
      <Filter>Pliki źródłowe\Chapter 12 Assignments</Filter>
    </ClCompile>
    <ClCompile Include="Chapter_12\Chapter_12_Assignment5\Chapter_12_Assignment5.cpp">
      <Filter>Pliki źródłowe\Chapter 12 Assignments</Filter>
    </ClCompile>
    <ClCompile Include="Chapter_12\Chapter_12_Assignment4\Chapter_12_Assignment4.cpp">
      <Filter>Pliki źródłowe\Chapter 12 Assignments</Filter>
    </ClCompile>
    <ClCompile Include="Chapter_12\Chapter_12_Assignment3\Chapter_12_Assignment3.cpp">
      <Filter>Pliki źródłowe\Chapter 12 Assignments</Filter>
    </ClCompile>
    <ClCompile Include="Chapter_12\Chapter_12_Assignment2\Chapter_12_Assignment2.cpp">
      <Filter>Pliki źródłowe\Chapter 12 Assignments</Filter>
    </ClCompile>
    <ClCompile Include="Chapter_12\Chapter_12_Assignment1\Chapter_12_Assignment1.cpp">
      <Filter>Pliki źródłowe\Chapter 12 Assignments</Filter>
    </ClCompile>
    <ClCompile Include="Chapter_11\Chapter_11_Assignment7\Chapter_11_Assignment7.cpp">
      <Filter>Pliki źródłowe\Chapter 11 Assignments</Filter>
    </ClCompile>
    <ClCompile Include="Chapter_11\Chapter_11_Assignment6\Chapter_11_Assignment6.cpp">
      <Filter>Pliki źródłowe\Chapter 11 Assignments</Filter>
    </ClCompile>
    <ClCompile Include="Chapter_11\Chapter_11_Assignment5\Chapter_11_Assignment5.cpp">
      <Filter>Pliki źródłowe\Chapter 11 Assignments</Filter>
    </ClCompile>
    <ClCompile Include="Chapter_11\Chapter_11_Assignment4\Chapter_11_Assignment4.cpp">
      <Filter>Pliki źródłowe\Chapter 11 Assignments</Filter>
    </ClCompile>
    <ClCompile Include="Chapter_11\Chapter_11_Assignment3\Chapter_11_Assignment3.cpp">
      <Filter>Pliki źródłowe\Chapter 11 Assignments</Filter>
    </ClCompile>
    <ClCompile Include="Chapter_11\Chapter_11_Assignment2\Chapter_11_Assignment2.cpp">
      <Filter>Pliki źródłowe\Chapter 11 Assignments</Filter>
    </ClCompile>
    <ClCompile Include="Chapter_11\Chapter_11_Assignment1\Chapter_11_Assignment1.cpp">
      <Filter>Pliki źródłowe\Chapter 11 Assignments</Filter>
    </ClCompile>
    <ClCompile Include="Chapter_12\Chapter_12_Assignment4\C12_A4_Stack.cpp">
      <Filter>Pliki źródłowe</Filter>
    </ClCompile>
  </ItemGroup>
</Project>